
Microsoft Visual Studio Solution File, Format Version 12.00
# Visual Studio Version 16
VisualStudioVersion = 16.0.30114.105
MinimumVisualStudioVersion = 10.0.40219.1
Project("{FAE04EC0-301F-11D3-BF4B-00C04F79EFBC}") = "WebApplication1", "WebApplication1\WebApplication1.csproj", "{D3F4CE0E-A8AF-4A7A-92E1-05EF854550C3}"
EndProject
Global
	GlobalSection(SolutionConfigurationPlatforms) = preSolution
		Debug|Any CPU = Debug|Any CPU
		Release|Any CPU = Release|Any CPU
	EndGlobalSection
	GlobalSection(ProjectConfigurationPlatforms) = postSolution
		{D3F4CE0E-A8AF-4A7A-92E1-05EF854550C3}.Debug|Any CPU.ActiveCfg = Debug|Any CPU
		{D3F4CE0E-A8AF-4A7A-92E1-05EF854550C3}.Debug|Any CPU.Build.0 = Debug|Any CPU
		{D3F4CE0E-A8AF-4A7A-92E1-05EF854550C3}.Release|Any CPU.ActiveCfg = Release|Any CPU
		{D3F4CE0E-A8AF-4A7A-92E1-05EF854550C3}.Release|Any CPU.Build.0 = Release|Any CPU
	EndGlobalSection
	GlobalSection(SolutionProperties) = preSolution
		HideSolutionNode = FALSE
	EndGlobalSection
	GlobalSection(ExtensibilityGlobals) = postSolution
		SolutionGuid = {80899296-BF4A-429E-8C2E-3CA1F3948BE8}
	EndGlobalSection
EndGlobal
